
Microsoft Visual Studio Solution File, Format Version 12.00
# Visual Studio Version 16
VisualStudioVersion = 16.0.30309.148
MinimumVisualStudioVersion = 10.0.40219.1
Project("{9A19103F-16F7-4668-BE54-9A1E7A4F7556}") = "FrostAura.Services.Plutus.Api", "FrostAura.Services.Plutus.Api\FrostAura.Services.Plutus.Api.csproj", "{7A810E89-8210-44AA-9BFD-5BB8EEC86EB6}"
EndProject
Project("{2150E333-8FDC-42A3-9474-1A3956D46DE8}") = "Layered Architecture", "Layered Architecture", "{AA35AA7D-F647-43F7-B0C5-2DECFB727C44}"
EndProject
Project("{9A19103F-16F7-4668-BE54-9A1E7A4F7556}") = "FrostAura.Services.Plutus.Shared", "FrostAura.Services.Plutus.Shared\FrostAura.Services.Plutus.Shared.csproj", "{3686F6F3-09BA-44C8-83C4-B06BCB4EE7A0}"
EndProject
Project("{2150E333-8FDC-42A3-9474-1A3956D46DE8}") = "Tests", "Tests", "{0A01FE16-19EB-42E1-B433-1252F919BFFC}"
EndProject
Project("{9A19103F-16F7-4668-BE54-9A1E7A4F7556}") = "FrostAura.Services.Plutus.Core", "FrostAura.Services.Plutus.Core\FrostAura.Services.Plutus.Core.csproj", "{F3AEDA80-9963-4FD6-B7BC-BBBE237FA4B5}"
EndProject
Project("{9A19103F-16F7-4668-BE54-9A1E7A4F7556}") = "FrostAura.Services.Plutus.Data", "FrostAura.Services.Plutus.Data\FrostAura.Services.Plutus.Data.csproj", "{522D3139-23BF-4E9A-9D59-0A388A12BF77}"
EndProject
Project("{9A19103F-16F7-4668-BE54-9A1E7A4F7556}") = "FrostAura.Services.Plutus.Core.Tests", "FrostAura.Services.Plutus.Core.Tests\FrostAura.Services.Plutus.Core.Tests.csproj", "{DEAE64AB-91EC-4A36-B859-9DA48235A184}"
EndProject
Project("{FAE04EC0-301F-11D3-BF4B-00C04F79EFBC}") = "FrostAura.Services.Plutus.Data.Tests", "FrostAura.Services.Plutus.Data.Tests\FrostAura.Services.Plutus.Data.Tests.csproj", "{D0DBD58D-281D-48E3-8273-EC53F307351B}"
EndProject
Project("{2150E333-8FDC-42A3-9474-1A3956D46DE8}") = "Docker", "Docker", "{51E05407-4482-4A24-ACF8-2B40182697B6}"
	ProjectSection(SolutionItems) = preProject
		.dockerignore = .dockerignore
		docker-compose.yml = docker-compose.yml
		Dockerfile = Dockerfile
		README.md = README.md
	EndProjectSection
EndProject
Global
	GlobalSection(SolutionConfigurationPlatforms) = preSolution
		Debug|Any CPU = Debug|Any CPU
		Release|Any CPU = Release|Any CPU
	EndGlobalSection
	GlobalSection(ProjectConfigurationPlatforms) = postSolution
		{7A810E89-8210-44AA-9BFD-5BB8EEC86EB6}.Debug|Any CPU.ActiveCfg = Debug|Any CPU
		{7A810E89-8210-44AA-9BFD-5BB8EEC86EB6}.Debug|Any CPU.Build.0 = Debug|Any CPU
		{7A810E89-8210-44AA-9BFD-5BB8EEC86EB6}.Release|Any CPU.ActiveCfg = Release|Any CPU
		{7A810E89-8210-44AA-9BFD-5BB8EEC86EB6}.Release|Any CPU.Build.0 = Release|Any CPU
		{3686F6F3-09BA-44C8-83C4-B06BCB4EE7A0}.Debug|Any CPU.ActiveCfg = Debug|Any CPU
		{3686F6F3-09BA-44C8-83C4-B06BCB4EE7A0}.Debug|Any CPU.Build.0 = Debug|Any CPU
		{3686F6F3-09BA-44C8-83C4-B06BCB4EE7A0}.Release|Any CPU.ActiveCfg = Release|Any CPU
		{3686F6F3-09BA-44C8-83C4-B06BCB4EE7A0}.Release|Any CPU.Build.0 = Release|Any CPU
		{F3AEDA80-9963-4FD6-B7BC-BBBE237FA4B5}.Debug|Any CPU.ActiveCfg = Debug|Any CPU
		{F3AEDA80-9963-4FD6-B7BC-BBBE237FA4B5}.Debug|Any CPU.Build.0 = Debug|Any CPU
		{F3AEDA80-9963-4FD6-B7BC-BBBE237FA4B5}.Release|Any CPU.ActiveCfg = Release|Any CPU
		{F3AEDA80-9963-4FD6-B7BC-BBBE237FA4B5}.Release|Any CPU.Build.0 = Release|Any CPU
		{522D3139-23BF-4E9A-9D59-0A388A12BF77}.Debug|Any CPU.ActiveCfg = Debug|Any CPU
		{522D3139-23BF-4E9A-9D59-0A388A12BF77}.Debug|Any CPU.Build.0 = Debug|Any CPU
		{522D3139-23BF-4E9A-9D59-0A388A12BF77}.Release|Any CPU.ActiveCfg = Release|Any CPU
		{522D3139-23BF-4E9A-9D59-0A388A12BF77}.Release|Any CPU.Build.0 = Release|Any CPU
		{DEAE64AB-91EC-4A36-B859-9DA48235A184}.Debug|Any CPU.ActiveCfg = Debug|Any CPU
		{DEAE64AB-91EC-4A36-B859-9DA48235A184}.Debug|Any CPU.Build.0 = Debug|Any CPU
		{DEAE64AB-91EC-4A36-B859-9DA48235A184}.Release|Any CPU.ActiveCfg = Release|Any CPU
		{DEAE64AB-91EC-4A36-B859-9DA48235A184}.Release|Any CPU.Build.0 = Release|Any CPU
		{D0DBD58D-281D-48E3-8273-EC53F307351B}.Debug|Any CPU.ActiveCfg = Debug|Any CPU
		{D0DBD58D-281D-48E3-8273-EC53F307351B}.Debug|Any CPU.Build.0 = Debug|Any CPU
		{D0DBD58D-281D-48E3-8273-EC53F307351B}.Release|Any CPU.ActiveCfg = Release|Any CPU
		{D0DBD58D-281D-48E3-8273-EC53F307351B}.Release|Any CPU.Build.0 = Release|Any CPU
	EndGlobalSection
	GlobalSection(SolutionProperties) = preSolution
		HideSolutionNode = FALSE
	EndGlobalSection
	GlobalSection(NestedProjects) = preSolution
		{3686F6F3-09BA-44C8-83C4-B06BCB4EE7A0} = {AA35AA7D-F647-43F7-B0C5-2DECFB727C44}
		{F3AEDA80-9963-4FD6-B7BC-BBBE237FA4B5} = {AA35AA7D-F647-43F7-B0C5-2DECFB727C44}
		{522D3139-23BF-4E9A-9D59-0A388A12BF77} = {AA35AA7D-F647-43F7-B0C5-2DECFB727C44}
		{DEAE64AB-91EC-4A36-B859-9DA48235A184} = {0A01FE16-19EB-42E1-B433-1252F919BFFC}
		{D0DBD58D-281D-48E3-8273-EC53F307351B} = {0A01FE16-19EB-42E1-B433-1252F919BFFC}
	EndGlobalSection
	GlobalSection(ExtensibilityGlobals) = postSolution
		SolutionGuid = {EC72F612-4291-4AF1-8957-DE8BF798F3EC}
	EndGlobalSection
EndGlobal
